#MicroXplorer Configuration settings - do not modify
CAN1.CalculateTimeBit=2000
CAN1.CalculateTimeQuantum=666.6666666666666
CAN1.IPParameters=CalculateTimeQuantum,CalculateTimeBit
CAN2.CalculateTimeBit=2000
CAN2.CalculateTimeQuantum=666.6666666666666
CAN2.IPParameters=CalculateTimeQuantum,CalculateTimeBit
FREERTOS.IPParameters=Tasks01
FREERTOS.Tasks01=defaultTask,0,128,StartDefaultTask
File.Version=6
KeepUserPlacement=false
Mcu.Family=STM32F1
Mcu.IP0=CAN1
Mcu.IP1=CAN2
Mcu.IP2=FREERTOS
Mcu.IP3=I2C1
Mcu.IP4=NVIC
Mcu.IP5=RCC
Mcu.IP6=RTC
Mcu.IP7=TIM6
Mcu.IP8=USB_DEVICE
Mcu.IP9=USB_OTG_FS
Mcu.IPNb=10
Mcu.Name=STM32F105R(8-B-C)Tx
Mcu.Package=LQFP64
Mcu.Pin0=PD0-OSC_IN
Mcu.Pin1=PD1-OSC_OUT
Mcu.Pin10=PB6
Mcu.Pin11=PB7
Mcu.Pin12=PB8
Mcu.Pin13=PB9
Mcu.Pin14=VP_FREERTOS_VS_ENABLE
Mcu.Pin15=VP_RTC_No_RTC_Output
Mcu.Pin16=VP_TIM6_VS_ClockSourceINT
Mcu.Pin17=VP_USB_DEVICE_VS_USB_DEVICE_CDC_FS
Mcu.Pin2=PC0
Mcu.Pin3=PC1
Mcu.Pin4=PC3
Mcu.Pin5=PB12
Mcu.Pin6=PB13
Mcu.Pin7=PA9
Mcu.Pin8=PA11
Mcu.Pin9=PA12
Mcu.PinsNb=18
Mcu.UserConstants=
Mcu.UserName=STM32F105RCTx
MxCube.Version=4.9.0
MxDb.Version=DB.4.0.90
NVIC.CAN1_RX0_IRQn=true\:5\:0\:false
NVIC.CAN2_RX0_IRQn=true\:5\:0\:false
NVIC.I2C1_EV_IRQn=true\:5\:0\:false
NVIC.OTG_FS_IRQn=true\:5\:0\:false
NVIC.PriorityGroup=NVIC_PRIORITYGROUP_4
NVIC.RTC_IRQn=true\:5\:0\:false
NVIC.SysTick_IRQn=true\:15\:0\:false
PA11.Mode=Device_Only
PA11.Signal=USB_OTG_FS_DM
PA12.Mode=Device_Only
PA12.Signal=USB_OTG_FS_DP
PA9.Mode=Activate_VBUS
PA9.Signal=USB_OTG_FS_VBUS
PB12.Mode=Slave
PB12.Signal=CAN2_RX
PB13.Mode=Slave
PB13.Signal=CAN2_TX
PB6.Mode=I2C
PB6.Signal=I2C1_SCL
PB7.Mode=I2C
PB7.Signal=I2C1_SDA
PB8.Mode=Master
PB8.Signal=CAN1_RX
PB9.Mode=Master
PB9.Signal=CAN1_TX
PC0.Locked=true
PC0.Signal=GPIO_Output
PC1.Locked=true
PC1.Signal=GPIO_Output
PC3.GPIOParameters=GPIO_ModeDefaultEXTI,GPIO_PuPd
PC3.GPIO_ModeDefaultEXTI=GPIO_MODE_EVT_RISING
PC3.GPIO_PuPd=GPIO_NOPULL
PC3.Locked=true
PC3.Signal=GPXTI3
PD0-OSC_IN.Mode=HSE-External-Oscillator
PD0-OSC_IN.Signal=RCC_OSC_IN
PD1-OSC_OUT.Mode=HSE-External-Oscillator
PD1-OSC_OUT.Signal=RCC_OSC_OUT
PinOutPanel.RotationAngle=0
ProjectManager.AskForMigrate=false
ProjectManager.BackupPrevious=false
ProjectManager.CompilerOptimize=2
ProjectManager.ComputerToolchain=false
ProjectManager.CoupleFile=false
ProjectManager.CustomerFirmwarePackage=
ProjectManager.DefaultFWLocation=true
ProjectManager.DeletePrevious=true
ProjectManager.DeviceId=STM32F105RCTx
ProjectManager.FirmwarePackage=STM32Cube FW_F1 V1.1.0
ProjectManager.FreePins=false
ProjectManager.HalAssertFull=false
ProjectManager.HeapSize=0x200
ProjectManager.KeepUserCode=true
ProjectManager.LastFirmware=true
ProjectManager.LibraryCopy=0
ProjectManager.PreviousToolchain=
ProjectManager.ProjectBuild=false
ProjectManager.ProjectFileName=usb_can.ioc
ProjectManager.ProjectName=usb_can
ProjectManager.StackSize=0x400
ProjectManager.TargetToolchain=MDK-ARM V5
ProjectManager.ToolChainLocation=
ProjectManager.UnderRoot=false
ProjectManager.functionlistsort=1-MX_GPIO_Init-GPIO-false-HAL,2-SystemClock_Config-RCC-false-HAL,3-MX_CAN1_Init-CAN1-false-HAL,4-MX_CAN2_Init-CAN2-false-HAL,5-MX_I2C1_Init-I2C1-false-HAL,6-MX_RTC_Init-RTC-false-HAL,7-MX_TIM6_Init-TIM6-false-HAL,8-MX_USB_DEVICE_Init-USB_DEVICE-false-HAL
RCC.ADCFreqValue=24000000
RCC.AHBFreq_Value=48000000
RCC.APB1CLKDivider=RCC_HCLK_DIV2
RCC.APB1Freq_Value=24000000
RCC.APB1TimFreq_Value=48000000
RCC.APB2Freq_Value=48000000
RCC.APB2TimFreq_Value=48000000
RCC.FCLKCortexFreq_Value=48000000
RCC.FamilyName=M
RCC.HCLKFreq_Value=48000000
RCC.HSEDivPLL=RCC_HSE_PREDIV_DIV2
RCC.HSE_VALUE=16000000
RCC.I2S2Freq_Value=48000000
RCC.I2S3Freq_Value=48000000
RCC.IPParameters=ADCFreqValue,AHBFreq_Value,APB1CLKDivider,APB1Freq_Value,APB1TimFreq_Value,APB2Freq_Value,APB2TimFreq_Value,FCLKCortexFreq_Value,FamilyName,HCLKFreq_Value,HSEDivPLL,HSE_VALUE,I2S2Freq_Value,I2S3Freq_Value,MCOFreq_Value,PLL2CLKoutputFreqValue,PLL2VCOoutputFreqValue,PLL3CLKoutputFreqValue,PLL3VCOoutputFreqValue,PLLCLKFreq_Value,PLLMUL,Prediv2FreqValue,RTCFreq_Value,SYSCLKFreq_VALUE,SYSCLKSource,TimSysFreq_Value,USBFreq_Value,USBPrescaler,VCOOutput2Freq_Value
RCC.MCOFreq_Value=48000000
RCC.PLL2CLKoutputFreqValue=128000000
RCC.PLL2VCOoutputFreqValue=256000000
RCC.PLL3CLKoutputFreqValue=128000000
RCC.PLL3VCOoutputFreqValue=256000000
RCC.PLLCLKFreq_Value=48000000
RCC.PLLMUL=RCC_PLL_MUL6
RCC.Prediv2FreqValue=16000000
RCC.RTCFreq_Value=40000
RCC.SYSCLKFreq_VALUE=48000000
RCC.SYSCLKSource=RCC_SYSCLKSOURCE_PLLCLK
RCC.TimSysFreq_Value=48000000
RCC.USBFreq_Value=48000000
RCC.USBPrescaler=RCC_USBPLLCLK_DIV2
RCC.VCOOutput2Freq_Value=8000000
SH.GPXTI3.0=GPIO_EXTI3
SH.GPXTI3.ConfNb=1
USB_DEVICE.IPParameters=VirtualMode,VirtualModeFS,USBD_HandleTypeDef
USB_DEVICE.USBD_HandleTypeDef=hUsbDeviceFS
USB_DEVICE.VirtualMode=Cdc
USB_DEVICE.VirtualModeFS=Cdc_FS
USB_OTG_FS.IPParameters=VirtualMode
USB_OTG_FS.VirtualMode=Device_Only
VP_FREERTOS_VS_ENABLE.Mode=Enabled
VP_FREERTOS_VS_ENABLE.Signal=FREERTOS_VS_ENABLE
VP_RTC_No_RTC_Output.Mode=RTC OUT
VP_RTC_No_RTC_Output.Signal=RTC_No_RTC_Output
VP_TIM6_VS_ClockSourceINT.Mode=Enable_Timer
VP_TIM6_VS_ClockSourceINT.Signal=TIM6_VS_ClockSourceINT
VP_USB_DEVICE_VS_USB_DEVICE_CDC_FS.Mode=CDC_FS
VP_USB_DEVICE_VS_USB_DEVICE_CDC_FS.Signal=USB_DEVICE_VS_USB_DEVICE_CDC_FS
board=usb_can
